
Microsoft Visual Studio Solution File, Format Version 12.00
# Visual Studio Version 17
VisualStudioVersion = 17.3.32929.385
MinimumVisualStudioVersion = 10.0.40219.1
Project("{FAE04EC0-301F-11D3-BF4B-00C04F79EFBC}") = "HRM", "HRM\HRM.csproj", "{239818A1-9A02-4D2D-9E9A-970E3062FCBA}"
EndProject
Global
	GlobalSection(SolutionConfigurationPlatforms) = preSolution
		Debug|Any CPU = Debug|Any CPU
		Release|Any CPU = Release|Any CPU
	EndGlobalSection
	GlobalSection(ProjectConfigurationPlatforms) = postSolution
		{239818A1-9A02-4D2D-9E9A-970E3062FCBA}.Debug|Any CPU.ActiveCfg = Debug|Any CPU
		{239818A1-9A02-4D2D-9E9A-970E3062FCBA}.Debug|Any CPU.Build.0 = Debug|Any CPU
		{239818A1-9A02-4D2D-9E9A-970E3062FCBA}.Release|Any CPU.ActiveCfg = Release|Any CPU
		{239818A1-9A02-4D2D-9E9A-970E3062FCBA}.Release|Any CPU.Build.0 = Release|Any CPU
	EndGlobalSection
	GlobalSection(SolutionProperties) = preSolution
		HideSolutionNode = FALSE
	EndGlobalSection
	GlobalSection(ExtensibilityGlobals) = postSolution
		SolutionGuid = {83A7E140-5BA4-49F3-8891-B95607054C8E}
	EndGlobalSection
EndGlobal
